// !$*UTF8*$!
{
	archiveVersion = 1;
	classes = {
	};
	objectVersion = 51;
	objects = {

/* Begin PBXBuildFile section */
		042C6D7D260521DD0029FBF1 /* LoginViewController.swift in Sources */ = {isa = PBXBuildFile; fileRef = 042C6D7C260521DD0029FBF1 /* LoginViewController.swift */; };
		042C6D82260521EC0029FBF1 /* FeedViewController.swift in Sources */ = {isa = PBXBuildFile; fileRef = 042C6D81260521EC0029FBF1 /* FeedViewController.swift */; };
		042C6D87260531A30029FBF1 /* CameraViewController.swift in Sources */ = {isa = PBXBuildFile; fileRef = 042C6D86260531A30029FBF1 /* CameraViewController.swift */; };
		042C6D97260540290029FBF1 /* PostCell.swift in Sources */ = {isa = PBXBuildFile; fileRef = 042C6D96260540290029FBF1 /* PostCell.swift */; };
		04D190D726051E1B000D7C52 /* AppDelegate.swift in Sources */ = {isa = PBXBuildFile; fileRef = 04D190D626051E1B000D7C52 /* AppDelegate.swift */; };
		04D190D926051E1B000D7C52 /* SceneDelegate.swift in Sources */ = {isa = PBXBuildFile; fileRef = 04D190D826051E1B000D7C52 /* SceneDelegate.swift */; };
		04D190DE26051E1B000D7C52 /* Main.storyboard in Resources */ = {isa = PBXBuildFile; fileRef = 04D190DC26051E1B000D7C52 /* Main.storyboard */; };
		04D190E026051E1C000D7C52 /* Assets.xcassets in Resources */ = {isa = PBXBuildFile; fileRef = 04D190DF26051E1C000D7C52 /* Assets.xcassets */; };
		04D190E326051E1C000D7C52 /* LaunchScreen.storyboard in Resources */ = {isa = PBXBuildFile; fileRef = 04D190E126051E1C000D7C52 /* LaunchScreen.storyboard */; };
		04D190EE26051E1C000D7C52 /* parstagramTests.swift in Sources */ = {isa = PBXBuildFile; fileRef = 04D190ED26051E1C000D7C52 /* parstagramTests.swift */; };
		04D190F926051E1C000D7C52 /* parstagramUITests.swift in Sources */ = {isa = PBXBuildFile; fileRef = 04D190F826051E1C000D7C52 /* parstagramUITests.swift */; };
		1237431D6858C37CCCE525F1 /* Pods_parstagram_parstagramUITests.framework in Frameworks */ = {isa = PBXBuildFile; fileRef = CDABA4460417F21065063080 /* Pods_parstagram_parstagramUITests.framework */; };
		15DA2F1D1544148D249FE2ED /* Pods_parstagramTests.framework in Frameworks */ = {isa = PBXBuildFile; fileRef = 57B4AF0EAB6EBF16C3A0EE26 /* Pods_parstagramTests.framework */; };
		2E865A9A454AF2A22FF57F33 /* Pods_parstagram.framework in Frameworks */ = {isa = PBXBuildFile; fileRef = 1893F5C5B7A342EF9D64FBFE /* Pods_parstagram.framework */; };
/* End PBXBuildFile section */

/* Begin PBXContainerItemProxy section */
		04D190EA26051E1C000D7C52 /* PBXContainerItemProxy */ = {
			isa = PBXContainerItemProxy;
			containerPortal = 04D190CB26051E1B000D7C52 /* Project object */;
			proxyType = 1;
			remoteGlobalIDString = 04D190D226051E1B000D7C52;
			remoteInfo = parstagram;
		};
		04D190F526051E1C000D7C52 /* PBXContainerItemProxy */ = {
			isa = PBXContainerItemProxy;
			containerPortal = 04D190CB26051E1B000D7C52 /* Project object */;
			proxyType = 1;
			remoteGlobalIDString = 04D190D226051E1B000D7C52;
			remoteInfo = parstagram;
		};
/* End PBXContainerItemProxy section */

/* Begin PBXFileReference section */
		042C6D7C260521DD0029FBF1 /* LoginViewController.swift */ = {isa = PBXFileReference; lastKnownFileType = sourcecode.swift; path = LoginViewController.swift; sourceTree = "<group>"; };
		042C6D81260521EC0029FBF1 /* FeedViewController.swift */ = {isa = PBXFileReference; lastKnownFileType = sourcecode.swift; path = FeedViewController.swift; sourceTree = "<group>"; };
		042C6D86260531A30029FBF1 /* CameraViewController.swift */ = {isa = PBXFileReference; lastKnownFileType = sourcecode.swift; path = CameraViewController.swift; sourceTree = "<group>"; };
		042C6D96260540290029FBF1 /* PostCell.swift */ = {isa = PBXFileReference; lastKnownFileType = sourcecode.swift; path = PostCell.swift; sourceTree = "<group>"; };
		04D190D326051E1B000D7C52 /* parstagram.app */ = {isa = PBXFileReference; explicitFileType = wrapper.application; includeInIndex = 0; path = parstagram.app; sourceTree = BUILT_PRODUCTS_DIR; };
		04D190D626051E1B000D7C52 /* AppDelegate.swift */ = {isa = PBXFileReference; lastKnownFileType = sourcecode.swift; path = AppDelegate.swift; sourceTree = "<group>"; };
		04D190D826051E1B000D7C52 /* SceneDelegate.swift */ = {isa = PBXFileReference; lastKnownFileType = sourcecode.swift; path = SceneDelegate.swift; sourceTree = "<group>"; };
		04D190DD26051E1B000D7C52 /* Base */ = {isa = PBXFileReference; lastKnownFileType = file.storyboard; name = Base; path = Base.lproj/Main.storyboard; sourceTree = "<group>"; };
		04D190DF26051E1C000D7C52 /* Assets.xcassets */ = {isa = PBXFileReference; lastKnownFileType = folder.assetcatalog; path = Assets.xcassets; sourceTree = "<group>"; };
		04D190E226051E1C000D7C52 /* Base */ = {isa = PBXFileReference; lastKnownFileType = file.storyboard; name = Base; path = Base.lproj/LaunchScreen.storyboard; sourceTree = "<group>"; };
		04D190E426051E1C000D7C52 /* Info.plist */ = {isa = PBXFileReference; lastKnownFileType = text.plist.xml; path = Info.plist; sourceTree = "<group>"; };
		04D190E926051E1C000D7C52 /* parstagramTests.xctest */ = {isa = PBXFileReference; explicitFileType = wrapper.cfbundle; includeInIndex = 0; path = parstagramTests.xctest; sourceTree = BUILT_PRODUCTS_DIR; };
		04D190ED26051E1C000D7C52 /* parstagramTests.swift */ = {isa = PBXFileReference; lastKnownFileType = sourcecode.swift; path = parstagramTests.swift; sourceTree = "<group>"; };
		04D190EF26051E1C000D7C52 /* Info.plist */ = {isa = PBXFileReference; lastKnownFileType = text.plist.xml; path = Info.plist; sourceTree = "<group>"; };
		04D190F426051E1C000D7C52 /* parstagramUITests.xctest */ = {isa = PBXFileReference; explicitFileType = wrapper.cfbundle; includeInIndex = 0; path = parstagramUITests.xctest; sourceTree = BUILT_PRODUCTS_DIR; };
		04D190F826051E1C000D7C52 /* parstagramUITests.swift */ = {isa = PBXFileReference; lastKnownFileType = sourcecode.swift; path = parstagramUITests.swift; sourceTree = "<group>"; };
		04D190FA26051E1C000D7C52 /* Info.plist */ = {isa = PBXFileReference; lastKnownFileType = text.plist.xml; path = Info.plist; sourceTree = "<group>"; };
		1893F5C5B7A342EF9D64FBFE /* Pods_parstagram.framework */ = {isa = PBXFileReference; explicitFileType = wrapper.framework; includeInIndex = 0; path = Pods_parstagram.framework; sourceTree = BUILT_PRODUCTS_DIR; };
		4F1064CA341CC3C1A7EFACAD /* Pods-parstagram.release.xcconfig */ = {isa = PBXFileReference; includeInIndex = 1; lastKnownFileType = text.xcconfig; name = "Pods-parstagram.release.xcconfig"; path = "Target Support Files/Pods-parstagram/Pods-parstagram.release.xcconfig"; sourceTree = "<group>"; };
		57B4AF0EAB6EBF16C3A0EE26 /* Pods_parstagramTests.framework */ = {isa = PBXFileReference; explicitFileType = wrapper.framework; includeInIndex = 0; path = Pods_parstagramTests.framework; sourceTree = BUILT_PRODUCTS_DIR; };
		A2E69B2F3FE67FE905DE329E /* Pods-parstagramTests.debug.xcconfig */ = {isa = PBXFileReference; includeInIndex = 1; lastKnownFileType = text.xcconfig; name = "Pods-parstagramTests.debug.xcconfig"; path = "Target Support Files/Pods-parstagramTests/Pods-parstagramTests.debug.xcconfig"; sourceTree = "<group>"; };
		CDABA4460417F21065063080 /* Pods_parstagram_parstagramUITests.framework */ = {isa = PBXFileReference; explicitFileType = wrapper.framework; includeInIndex = 0; path = Pods_parstagram_parstagramUITests.framework; sourceTree = BUILT_PRODUCTS_DIR; };
		F517597C62689FAE4AF0C3CC /* Pods-parstagram.debug.xcconfig */ = {isa = PBXFileReference; includeInIndex = 1; lastKnownFileType = text.xcconfig; name = "Pods-parstagram.debug.xcconfig"; path = "Target Support Files/Pods-parstagram/Pods-parstagram.debug.xcconfig"; sourceTree = "<group>"; };
		F81922D16266924F47268BCF /* Pods-parstagram-parstagramUITests.release.xcconfig */ = {isa = PBXFileReference; includeInIndex = 1; lastKnownFileType = text.xcconfig; name = "Pods-parstagram-parstagramUITests.release.xcconfig"; path = "Target Support Files/Pods-parstagram-parstagramUITests/Pods-parstagram-parstagramUITests.release.xcconfig"; sourceTree = "<group>"; };
		F9E6AD5D82DC318A4512137E /* Pods-parstagramTests.release.xcconfig */ = {isa = PBXFileReference; includeInIndex = 1; lastKnownFileType = text.xcconfig; name = "Pods-parstagramTests.release.xcconfig"; path = "Target Support Files/Pods-parstagramTests/Pods-parstagramTests.release.xcconfig"; sourceTree = "<group>"; };
		FF6FEEDDFA4989E42D9645BF /* Pods-parstagram-parstagramUITests.debug.xcconfig */ = {isa = PBXFileReference; includeInIndex = 1; lastKnownFileType = text.xcconfig; name = "Pods-parstagram-parstagramUITests.debug.xcconfig"; path = "Target Support Files/Pods-parstagram-parstagramUITests/Pods-parstagram-parstagramUITests.debug.xcconfig"; sourceTree = "<group>"; };
/* End PBXFileReference section */

/* Begin PBXFrameworksBuildPhase section */
		04D190D026051E1B000D7C52 /* Frameworks */ = {
			isa = PBXFrameworksBuildPhase;
			buildActionMask = 2147483647;
			files = (
				2E865A9A454AF2A22FF57F33 /* Pods_parstagram.framework in Frameworks */,
			);
			runOnlyForDeploymentPostprocessing = 0;
		};
		04D190E626051E1C000D7C52 /* Frameworks */ = {
			isa = PBXFrameworksBuildPhase;
			buildActionMask = 2147483647;
			files = (
				15DA2F1D1544148D249FE2ED /* Pods_parstagramTests.framework in Frameworks */,
			);
			runOnlyForDeploymentPostprocessing = 0;
		};
		04D190F126051E1C000D7C52 /* Frameworks */ = {
			isa = PBXFrameworksBuildPhase;
			buildActionMask = 2147483647;
			files = (
				1237431D6858C37CCCE525F1 /* Pods_parstagram_parstagramUITests.framework in Frameworks */,
			);
			runOnlyForDeploymentPostprocessing = 0;
		};
/* End PBXFrameworksBuildPhase section */

/* Begin PBXGroup section */
		04D190CA26051E1B000D7C52 = {
			isa = PBXGroup;
			children = (
				04D190D526051E1B000D7C52 /* parstagram */,
				04D190EC26051E1C000D7C52 /* parstagramTests */,
				04D190F726051E1C000D7C52 /* parstagramUITests */,
				04D190D426051E1B000D7C52 /* Products */,
				9C4FD67F18B5ECB2B5B70106 /* Pods */,
				04DEA9240244631744BB403A /* Frameworks */,
			);
			sourceTree = "<group>";
		};
		04D190D426051E1B000D7C52 /* Products */ = {
			isa = PBXGroup;
			children = (
				04D190D326051E1B000D7C52 /* parstagram.app */,
				04D190E926051E1C000D7C52 /* parstagramTests.xctest */,
				04D190F426051E1C000D7C52 /* parstagramUITests.xctest */,
			);
			name = Products;
			sourceTree = "<group>";
		};
		04D190D526051E1B000D7C52 /* parstagram */ = {
			isa = PBXGroup;
			children = (
				04D190D626051E1B000D7C52 /* AppDelegate.swift */,
				04D190D826051E1B000D7C52 /* SceneDelegate.swift */,
				04D190DC26051E1B000D7C52 /* Main.storyboard */,
				04D190DF26051E1C000D7C52 /* Assets.xcassets */,
				04D190E126051E1C000D7C52 /* LaunchScreen.storyboard */,
				04D190E426051E1C000D7C52 /* Info.plist */,
				042C6D7C260521DD0029FBF1 /* LoginViewController.swift */,
				042C6D81260521EC0029FBF1 /* FeedViewController.swift */,
				042C6D86260531A30029FBF1 /* CameraViewController.swift */,
				042C6D96260540290029FBF1 /* PostCell.swift */,
			);
			path = parstagram;
			sourceTree = "<group>";
		};
		04D190EC26051E1C000D7C52 /* parstagramTests */ = {
			isa = PBXGroup;
			children = (
				04D190ED26051E1C000D7C52 /* parstagramTests.swift */,
				04D190EF26051E1C000D7C52 /* Info.plist */,
			);
			path = parstagramTests;
			sourceTree = "<group>";
		};
		04D190F726051E1C000D7C52 /* parstagramUITests */ = {
			isa = PBXGroup;
			children = (
				04D190F826051E1C000D7C52 /* parstagramUITests.swift */,
				04D190FA26051E1C000D7C52 /* Info.plist */,
			);
			path = parstagramUITests;
			sourceTree = "<group>";
		};
		04DEA9240244631744BB403A /* Frameworks */ = {
			isa = PBXGroup;
			children = (
				1893F5C5B7A342EF9D64FBFE /* Pods_parstagram.framework */,
				CDABA4460417F21065063080 /* Pods_parstagram_parstagramUITests.framework */,
				57B4AF0EAB6EBF16C3A0EE26 /* Pods_parstagramTests.framework */,
			);
			name = Frameworks;
			sourceTree = "<group>";
		};
		9C4FD67F18B5ECB2B5B70106 /* Pods */ = {
			isa = PBXGroup;
			children = (
				F517597C62689FAE4AF0C3CC /* Pods-parstagram.debug.xcconfig */,
				4F1064CA341CC3C1A7EFACAD /* Pods-parstagram.release.xcconfig */,
				FF6FEEDDFA4989E42D9645BF /* Pods-parstagram-parstagramUITests.debug.xcconfig */,
				F81922D16266924F47268BCF /* Pods-parstagram-parstagramUITests.release.xcconfig */,
				A2E69B2F3FE67FE905DE329E /* Pods-parstagramTests.debug.xcconfig */,
				F9E6AD5D82DC318A4512137E /* Pods-parstagramTests.release.xcconfig */,
			);
			path = Pods;
			sourceTree = "<group>";
		};
/* End PBXGroup section */

/* Begin PBXNativeTarget section */
		04D190D226051E1B000D7C52 /* parstagram */ = {
			isa = PBXNativeTarget;
			buildConfigurationList = 04D190FD26051E1C000D7C52 /* Build configuration list for PBXNativeTarget "parstagram" */;
			buildPhases = (
				0779E75DB51EF4B8C0DAD092 /* [CP] Check Pods Manifest.lock */,
				04D190CF26051E1B000D7C52 /* Sources */,
				04D190D026051E1B000D7C52 /* Frameworks */,
				04D190D126051E1B000D7C52 /* Resources */,
				83B98E07347CB71162EBE300 /* [CP] Embed Pods Frameworks */,
			);
			buildRules = (
			);
			dependencies = (
			);
			name = parstagram;
			productName = parstagram;
			productReference = 04D190D326051E1B000D7C52 /* parstagram.app */;
			productType = "com.apple.product-type.application";
		};
		04D190E826051E1C000D7C52 /* parstagramTests */ = {
			isa = PBXNativeTarget;
			buildConfigurationList = 04D1910026051E1C000D7C52 /* Build configuration list for PBXNativeTarget "parstagramTests" */;
			buildPhases = (
				161CA845D0AC9E1EDA768396 /* [CP] Check Pods Manifest.lock */,
				04D190E526051E1C000D7C52 /* Sources */,
				04D190E626051E1C000D7C52 /* Frameworks */,
				04D190E726051E1C000D7C52 /* Resources */,
			);
			buildRules = (
			);
			dependencies = (
				04D190EB26051E1C000D7C52 /* PBXTargetDependency */,
			);
			name = parstagramTests;
			productName = parstagramTests;
			productReference = 04D190E926051E1C000D7C52 /* parstagramTests.xctest */;
			productType = "com.apple.product-type.bundle.unit-test";
		};
		04D190F326051E1C000D7C52 /* parstagramUITests */ = {
			isa = PBXNativeTarget;
			buildConfigurationList = 04D1910326051E1C000D7C52 /* Build configuration list for PBXNativeTarget "parstagramUITests" */;
			buildPhases = (
				0EA7A2723476719266754F75 /* [CP] Check Pods Manifest.lock */,
				04D190F026051E1C000D7C52 /* Sources */,
				04D190F126051E1C000D7C52 /* Frameworks */,
				04D190F226051E1C000D7C52 /* Resources */,
				1D74BD2C402AE9F1FD15C13E /* [CP] Embed Pods Frameworks */,
			);
			buildRules = (
			);
			dependencies = (
				04D190F626051E1C000D7C52 /* PBXTargetDependency */,
			);
			name = parstagramUITests;
			productName = parstagramUITests;
			productReference = 04D190F426051E1C000D7C52 /* parstagramUITests.xctest */;
			productType = "com.apple.product-type.bundle.ui-testing";
		};
/* End PBXNativeTarget section */

/* Begin PBXProject section */
		04D190CB26051E1B000D7C52 /* Project object */ = {
			isa = PBXProject;
			attributes = {
				LastSwiftUpdateCheck = 1240;
				LastUpgradeCheck = 1240;
				TargetAttributes = {
					04D190D226051E1B000D7C52 = {
						CreatedOnToolsVersion = 12.4;
					};
					04D190E826051E1C000D7C52 = {
						CreatedOnToolsVersion = 12.4;
						TestTargetID = 04D190D226051E1B000D7C52;
					};
					04D190F326051E1C000D7C52 = {
						CreatedOnToolsVersion = 12.4;
						TestTargetID = 04D190D226051E1B000D7C52;
					};
				};
			};
			buildConfigurationList = 04D190CE26051E1B000D7C52 /* Build configuration list for PBXProject "parstagram" */;
			compatibilityVersion = "Xcode 9.3";
			developmentRegion = en;
			hasScannedForEncodings = 0;
			knownRegions = (
				en,
				Base,
			);
			mainGroup = 04D190CA26051E1B000D7C52;
			productRefGroup = 04D190D426051E1B000D7C52 /* Products */;
			projectDirPath = "";
			projectRoot = "";
			targets = (
				04D190D226051E1B000D7C52 /* parstagram */,
				04D190E826051E1C000D7C52 /* parstagramTests */,
				04D190F326051E1C000D7C52 /* parstagramUITests */,
			);
		};
/* End PBXProject section */

/* Begin PBXResourcesBuildPhase section */
		04D190D126051E1B000D7C52 /* Resources */ = {
			isa = PBXResourcesBuildPhase;
			buildActionMask = 2147483647;
			files = (
				04D190E326051E1C000D7C52 /* LaunchScreen.storyboard in Resources */,
				04D190E026051E1C000D7C52 /* Assets.xcassets in Resources */,
				04D190DE26051E1B000D7C52 /* Main.storyboard in Resources */,
			);
			runOnlyForDeploymentPostprocessing = 0;
		};
		04D190E726051E1C000D7C52 /* Resources */ = {
			isa = PBXResourcesBuildPhase;
			buildActionMask = 2147483647;
			files = (
			);
			runOnlyForDeploymentPostprocessing = 0;
		};
		04D190F226051E1C000D7C52 /* Resources */ = {
			isa = PBXResourcesBuildPhase;
			buildActionMask = 2147483647;
			files = (
			);
			runOnlyForDeploymentPostprocessing = 0;
		};
/* End PBXResourcesBuildPhase section */

/* Begin PBXShellScriptBuildPhase section */
		0779E75DB51EF4B8C0DAD092 /* [CP] Check Pods Manifest.lock */ = {
			isa = PBXShellScriptBuildPhase;
			buildActionMask = 2147483647;
			files = (
			);
			inputFileListPaths = (
			);
			inputPaths = (
				"${PODS_PODFILE_DIR_PATH}/Podfile.lock",
				"${PODS_ROOT}/Manifest.lock",
			);
			name = "[CP] Check Pods Manifest.lock";
			outputFileListPaths = (
			);
			outputPaths = (
				"$(DERIVED_FILE_DIR)/Pods-parstagram-checkManifestLockResult.txt",
			);
			runOnlyForDeploymentPostprocessing = 0;
			shellPath = /bin/sh;
			shellScript = "diff \"${PODS_PODFILE_DIR_PATH}/Podfile.lock\" \"${PODS_ROOT}/Manifest.lock\" > /dev/null\nif [ $? != 0 ] ; then\n    # print error to STDERR\n    echo \"error: The sandbox is not in sync with the Podfile.lock. Run 'pod install' or update your CocoaPods installation.\" >&2\n    exit 1\nfi\n# This output is used by Xcode 'outputs' to avoid re-running this script phase.\necho \"SUCCESS\" > \"${SCRIPT_OUTPUT_FILE_0}\"\n";
			showEnvVarsInLog = 0;
		};
		0EA7A2723476719266754F75 /* [CP] Check Pods Manifest.lock */ = {
			isa = PBXShellScriptBuildPhase;
			buildActionMask = 2147483647;
			files = (
			);
			inputFileListPaths = (
			);
			inputPaths = (
				"${PODS_PODFILE_DIR_PATH}/Podfile.lock",
				"${PODS_ROOT}/Manifest.lock",
			);
			name = "[CP] Check Pods Manifest.lock";
			outputFileListPaths = (
			);
			outputPaths = (
				"$(DERIVED_FILE_DIR)/Pods-parstagram-parstagramUITests-checkManifestLockResult.txt",
			);
			runOnlyForDeploymentPostprocessing = 0;
			shellPath = /bin/sh;
			shellScript = "diff \"${PODS_PODFILE_DIR_PATH}/Podfile.lock\" \"${PODS_ROOT}/Manifest.lock\" > /dev/null\nif [ $? != 0 ] ; then\n    # print error to STDERR\n    echo \"error: The sandbox is not in sync with the Podfile.lock. Run 'pod install' or update your CocoaPods installation.\" >&2\n    exit 1\nfi\n# This output is used by Xcode 'outputs' to avoid re-running this script phase.\necho \"SUCCESS\" > \"${SCRIPT_OUTPUT_FILE_0}\"\n";
			showEnvVarsInLog = 0;
		};
		161CA845D0AC9E1EDA768396 /* [CP] Check Pods Manifest.lock */ = {
			isa = PBXShellScriptBuildPhase;
			buildActionMask = 2147483647;
			files = (
			);
			inputFileListPaths = (
			);
			inputPaths = (
				"${PODS_PODFILE_DIR_PATH}/Podfile.lock",
				"${PODS_ROOT}/Manifest.lock",
			);
			name = "[CP] Check Pods Manifest.lock";
			outputFileListPaths = (
			);
			outputPaths = (
				"$(DERIVED_FILE_DIR)/Pods-parstagramTests-checkManifestLockResult.txt",
			);
			runOnlyForDeploymentPostprocessing = 0;
			shellPath = /bin/sh;
			shellScript = "diff \"${PODS_PODFILE_DIR_PATH}/Podfile.lock\" \"${PODS_ROOT}/Manifest.lock\" > /dev/null\nif [ $? != 0 ] ; then\n    # print error to STDERR\n    echo \"error: The sandbox is not in sync with the Podfile.lock. Run 'pod install' or update your CocoaPods installation.\" >&2\n    exit 1\nfi\n# This output is used by Xcode 'outputs' to avoid re-running this script phase.\necho \"SUCCESS\" > \"${SCRIPT_OUTPUT_FILE_0}\"\n";
			showEnvVarsInLog = 0;
		};
		1D74BD2C402AE9F1FD15C13E /* [CP] Embed Pods Frameworks */ = {
			isa = PBXShellScriptBuildPhase;
			buildActionMask = 2147483647;
			files = (
			);
			inputFileListPaths = (
				"${PODS_ROOT}/Target Support Files/Pods-parstagram-parstagramUITests/Pods-parstagram-parstagramUITests-frameworks-${CONFIGURATION}-input-files.xcfilelist",
			);
			name = "[CP] Embed Pods Frameworks";
			outputFileListPaths = (
				"${PODS_ROOT}/Target Support Files/Pods-parstagram-parstagramUITests/Pods-parstagram-parstagramUITests-frameworks-${CONFIGURATION}-output-files.xcfilelist",
			);
			runOnlyForDeploymentPostprocessing = 0;
			shellPath = /bin/sh;
			shellScript = "\"${PODS_ROOT}/Target Support Files/Pods-parstagram-parstagramUITests/Pods-parstagram-parstagramUITests-frameworks.sh\"\n";
			showEnvVarsInLog = 0;
		};
		83B98E07347CB71162EBE300 /* [CP] Embed Pods Frameworks */ = {
			isa = PBXShellScriptBuildPhase;
			buildActionMask = 2147483647;
			files = (
			);
			inputFileListPaths = (
				"${PODS_ROOT}/Target Support Files/Pods-parstagram/Pods-parstagram-frameworks-${CONFIGURATION}-input-files.xcfilelist",
			);
			name = "[CP] Embed Pods Frameworks";
			outputFileListPaths = (
				"${PODS_ROOT}/Target Support Files/Pods-parstagram/Pods-parstagram-frameworks-${CONFIGURATION}-output-files.xcfilelist",
			);
			runOnlyForDeploymentPostprocessing = 0;
			shellPath = /bin/sh;
			shellScript = "\"${PODS_ROOT}/Target Support Files/Pods-parstagram/Pods-parstagram-frameworks.sh\"\n";
			showEnvVarsInLog = 0;
		};
/* End PBXShellScriptBuildPhase section */

/* Begin PBXSourcesBuildPhase section */
		04D190CF26051E1B000D7C52 /* Sources */ = {
			isa = PBXSourcesBuildPhase;
			buildActionMask = 2147483647;
			files = (
				042C6D7D260521DD0029FBF1 /* LoginViewController.swift in Sources */,
				042C6D87260531A30029FBF1 /* CameraViewController.swift in Sources */,
				04D190D726051E1B000D7C52 /* AppDelegate.swift in Sources */,
				042C6D82260521EC0029FBF1 /* FeedViewController.swift in Sources */,
				04D190D926051E1B000D7C52 /* SceneDelegate.swift in Sources */,
				042C6D97260540290029FBF1 /* PostCell.swift in Sources */,
			);
			runOnlyForDeploymentPostprocessing = 0;
		};
		04D190E526051E1C000D7C52 /* Sources */ = {
			isa = PBXSourcesBuildPhase;
			buildActionMask = 2147483647;
			files = (
				04D190EE26051E1C000D7C52 /* parstagramTests.swift in Sources */,
			);
			runOnlyForDeploymentPostprocessing = 0;
		};
		04D190F026051E1C000D7C52 /* Sources */ = {
			isa = PBXSourcesBuildPhase;
			buildActionMask = 2147483647;
			files = (
				04D190F926051E1C000D7C52 /* parstagramUITests.swift in Sources */,
			);
			runOnlyForDeploymentPostprocessing = 0;
		};
/* End PBXSourcesBuildPhase section */

/* Begin PBXTargetDependency section */
		04D190EB26051E1C000D7C52 /* PBXTargetDependency */ = {
			isa = PBXTargetDependency;
			target = 04D190D226051E1B000D7C52 /* parstagram */;
			targetProxy = 04D190EA26051E1C000D7C52 /* PBXContainerItemProxy */;
		};
		04D190F626051E1C000D7C52 /* PBXTargetDependency */ = {
			isa = PBXTargetDependency;
			target = 04D190D226051E1B000D7C52 /* parstagram */;
			targetProxy = 04D190F526051E1C000D7C52 /* PBXContainerItemProxy */;
		};
/* End PBXTargetDependency section */

/* Begin PBXVariantGroup section */
		04D190DC26051E1B000D7C52 /* Main.storyboard */ = {
			isa = PBXVariantGroup;
			children = (
				04D190DD26051E1B000D7C52 /* Base */,
			);
			name = Main.storyboard;
			sourceTree = "<group>";
		};
		04D190E126051E1C000D7C52 /* LaunchScreen.storyboard */ = {
			isa = PBXVariantGroup;
			children = (
				04D190E226051E1C000D7C52 /* Base */,
			);
			name = LaunchScreen.storyboard;
			sourceTree = "<group>";
		};
/* End PBXVariantGroup section */

/* Begin XCBuildConfiguration section */
		04D190FB26051E1C000D7C52 /* Debug */ = {
			isa = XCBuildConfiguration;
			buildSettings = {
				ALWAYS_SEARCH_USER_PATHS = NO;
				CLANG_ANALYZER_NONNULL = YES;
				CLANG_ANALYZER_NUMBER_OBJECT_CONVERSION = YES_AGGRESSIVE;
				CLANG_CXX_LANGUAGE_STANDARD = "gnu++14";
				CLANG_CXX_LIBRARY = "libc++";
				CLANG_ENABLE_MODULES = YES;
				CLANG_ENABLE_OBJC_ARC = YES;
				CLANG_ENABLE_OBJC_WEAK = YES;
				CLANG_WARN_BLOCK_CAPTURE_AUTORELEASING = YES;
				CLANG_WARN_BOOL_CONVERSION = YES;
				CLANG_WARN_COMMA = YES;
				CLANG_WARN_CONSTANT_CONVERSION = YES;
				CLANG_WARN_DEPRECATED_OBJC_IMPLEMENTATIONS = YES;
				CLANG_WARN_DIRECT_OBJC_ISA_USAGE = YES_ERROR;
				CLANG_WARN_DOCUMENTATION_COMMENTS = YES;
				CLANG_WARN_EMPTY_BODY = YES;
				CLANG_WARN_ENUM_CONVERSION = YES;
				CLANG_WARN_INFINITE_RECURSION = YES;
				CLANG_WARN_INT_CONVERSION = YES;
				CLANG_WARN_NON_LITERAL_NULL_CONVERSION = YES;
				CLANG_WARN_OBJC_IMPLICIT_RETAIN_SELF = YES;
				CLANG_WARN_OBJC_LITERAL_CONVERSION = YES;
				CLANG_WARN_OBJC_ROOT_CLASS = YES_ERROR;
				CLANG_WARN_QUOTED_INCLUDE_IN_FRAMEWORK_HEADER = YES;
				CLANG_WARN_RANGE_LOOP_ANALYSIS = YES;
				CLANG_WARN_STRICT_PROTOTYPES = YES;
				CLANG_WARN_SUSPICIOUS_MOVE = YES;
				CLANG_WARN_UNGUARDED_AVAILABILITY = YES_AGGRESSIVE;
				CLANG_WARN_UNREACHABLE_CODE = YES;
				CLANG_WARN__DUPLICATE_METHOD_MATCH = YES;
				COPY_PHASE_STRIP = NO;
				DEBUG_INFORMATION_FORMAT = dwarf;
				ENABLE_STRICT_OBJC_MSGSEND = YES;
				ENABLE_TESTABILITY = YES;
				GCC_C_LANGUAGE_STANDARD = gnu11;
				GCC_DYNAMIC_NO_PIC = NO;
				GCC_NO_COMMON_BLOCKS = YES;
				GCC_OPTIMIZATION_LEVEL = 0;
				GCC_PREPROCESSOR_DEFINITIONS = (
					"DEBUG=1",
					"$(inherited)",
				);
				GCC_WARN_64_TO_32_BIT_CONVERSION = YES;
				GCC_WARN_ABOUT_RETURN_TYPE = YES_ERROR;
				GCC_WARN_UNDECLARED_SELECTOR = YES;
				GCC_WARN_UNINITIALIZED_AUTOS = YES_AGGRESSIVE;
				GCC_WARN_UNUSED_FUNCTION = YES;
				GCC_WARN_UNUSED_VARIABLE = YES;
				IPHONEOS_DEPLOYMENT_TARGET = 14.4;
				MTL_ENABLE_DEBUG_INFO = INCLUDE_SOURCE;
				MTL_FAST_MATH = YES;
				ONLY_ACTIVE_ARCH = YES;
				SDKROOT = iphoneos;
				SWIFT_ACTIVE_COMPILATION_CONDITIONS = DEBUG;
				SWIFT_OPTIMIZATION_LEVEL = "-Onone";
			};
			name = Debug;
		};
		04D190FC26051E1C000D7C52 /* Release */ = {
			isa = XCBuildConfiguration;
			buildSettings = {
				ALWAYS_SEARCH_USER_PATHS = NO;
				CLANG_ANALYZER_NONNULL = YES;
				CLANG_ANALYZER_NUMBER_OBJECT_CONVERSION = YES_AGGRESSIVE;
				CLANG_CXX_LANGUAGE_STANDARD = "gnu++14";
				CLANG_CXX_LIBRARY = "libc++";
				CLANG_ENABLE_MODULES = YES;
				CLANG_ENABLE_OBJC_ARC = YES;
				CLANG_ENABLE_OBJC_WEAK = YES;
				CLANG_WARN_BLOCK_CAPTURE_AUTORELEASING = YES;
				CLANG_WARN_BOOL_CONVERSION = YES;
				CLANG_WARN_COMMA = YES;
				CLANG_WARN_CONSTANT_CONVERSION = YES;
				CLANG_WARN_DEPRECATED_OBJC_IMPLEMENTATIONS = YES;
				CLANG_WARN_DIRECT_OBJC_ISA_USAGE = YES_ERROR;
				CLANG_WARN_DOCUMENTATION_COMMENTS = YES;
				CLANG_WARN_EMPTY_BODY = YES;
				CLANG_WARN_ENUM_CONVERSION = YES;
				CLANG_WARN_INFINITE_RECURSION = YES;
				CLANG_WARN_INT_CONVERSION = YES;
				CLANG_WARN_NON_LITERAL_NULL_CONVERSION = YES;
				CLANG_WARN_OBJC_IMPLICIT_RETAIN_SELF = YES;
				CLANG_WARN_OBJC_LITERAL_CONVERSION = YES;
				CLANG_WARN_OBJC_ROOT_CLASS = YES_ERROR;
				CLANG_WARN_QUOTED_INCLUDE_IN_FRAMEWORK_HEADER = YES;
				CLANG_WARN_RANGE_LOOP_ANALYSIS = YES;
				CLANG_WARN_STRICT_PROTOTYPES = YES;
				CLANG_WARN_SUSPICIOUS_MOVE = YES;
				CLANG_WARN_UNGUARDED_AVAILABILITY = YES_AGGRESSIVE;
				CLANG_WARN_UNREACHABLE_CODE = YES;
				CLANG_WARN__DUPLICATE_METHOD_MATCH = YES;
				COPY_PHASE_STRIP = NO;
				DEBUG_INFORMATION_FORMAT = "dwarf-with-dsym";
				ENABLE_NS_ASSERTIONS = NO;
				ENABLE_STRICT_OBJC_MSGSEND = YES;
				GCC_C_LANGUAGE_STANDARD = gnu11;
				GCC_NO_COMMON_BLOCKS = YES;
				GCC_WARN_64_TO_32_BIT_CONVERSION = YES;
				GCC_WARN_ABOUT_RETURN_TYPE = YES_ERROR;
				GCC_WARN_UNDECLARED_SELECTOR = YES;
				GCC_WARN_UNINITIALIZED_AUTOS = YES_AGGRESSIVE;
				GCC_WARN_UNUSED_FUNCTION = YES;
				GCC_WARN_UNUSED_VARIABLE = YES;
				IPHONEOS_DEPLOYMENT_TARGET = 14.4;
				MTL_ENABLE_DEBUG_INFO = NO;
				MTL_FAST_MATH = YES;
				SDKROOT = iphoneos;
				SWIFT_COMPILATION_MODE = wholemodule;
				SWIFT_OPTIMIZATION_LEVEL = "-O";
				VALIDATE_PRODUCT = YES;
			};
			name = Release;
		};
		04D190FE26051E1C000D7C52 /* Debug */ = {
			isa = XCBuildConfiguration;
			baseConfigurationReference = F517597C62689FAE4AF0C3CC /* Pods-parstagram.debug.xcconfig */;
			buildSettings = {
				ASSETCATALOG_COMPILER_APPICON_NAME = AppIcon;
				ASSETCATALOG_COMPILER_GLOBAL_ACCENT_COLOR_NAME = AccentColor;
				CODE_SIGN_STYLE = Automatic;
				DEVELOPMENT_TEAM = KQR32VLUTN;
				INFOPLIST_FILE = parstagram/Info.plist;
				LD_RUNPATH_SEARCH_PATHS = (
					"$(inherited)",
					"@executable_path/Frameworks",
				);
				PRODUCT_BUNDLE_IDENTIFIER = "jack.gregory.scallan-gmail.com.parstagram";
				PRODUCT_NAME = "$(TARGET_NAME)";
				SWIFT_VERSION = 5.0;
				TARGETED_DEVICE_FAMILY = "1,2";
			};
			name = Debug;
		};
		04D190FF26051E1C000D7C52 /* Release */ = {
			isa = XCBuildConfiguration;
			baseConfigurationReference = 4F1064CA341CC3C1A7EFACAD /* Pods-parstagram.release.xcconfig */;
			buildSettings = {
				ASSETCATALOG_COMPILER_APPICON_NAME = AppIcon;
				ASSETCATALOG_COMPILER_GLOBAL_ACCENT_COLOR_NAME = AccentColor;
				CODE_SIGN_STYLE = Automatic;
				DEVELOPMENT_TEAM = KQR32VLUTN;
				INFOPLIST_FILE = parstagram/Info.plist;
				LD_RUNPATH_SEARCH_PATHS = (
					"$(inherited)",
					"@executable_path/Frameworks",
				);
				PRODUCT_BUNDLE_IDENTIFIER = "jack.gregory.scallan-gmail.com.parstagram";
				PRODUCT_NAME = "$(TARGET_NAME)";
				SWIFT_VERSION = 5.0;
				TARGETED_DEVICE_FAMILY = "1,2";
			};
			name = Release;
		};
		04D1910126051E1C000D7C52 /* Debug */ = {
			isa = XCBuildConfiguration;
			baseConfigurationReference = A2E69B2F3FE67FE905DE329E /* Pods-parstagramTests.debug.xcconfig */;
			buildSettings = {
				ALWAYS_EMBED_SWIFT_STANDARD_LIBRARIES = YES;
				BUNDLE_LOADER = "$(TEST_HOST)";
				CODE_SIGN_STYLE = Automatic;
				DEVELOPMENT_TEAM = KQR32VLUTN;
				INFOPLIST_FILE = parstagramTests/Info.plist;
				IPHONEOS_DEPLOYMENT_TARGET = 14.4;
				LD_RUNPATH_SEARCH_PATHS = (
					"$(inherited)",
					"@executable_path/Frameworks",
					"@loader_path/Frameworks",
				);
				PRODUCT_BUNDLE_IDENTIFIER = "jack.gregory.scallan-gmail.com.parstagramTests";
				PRODUCT_NAME = "$(TARGET_NAME)";
				SWIFT_VERSION = 5.0;
				TARGETED_DEVICE_FAMILY = "1,2";
				TEST_HOST = "$(BUILT_PRODUCTS_DIR)/parstagram.app/parstagram";
			};
			name = Debug;
		};
		04D1910226051E1C000D7C52 /* Release */ = {
			isa = XCBuildConfiguration;
			baseConfigurationReference = F9E6AD5D82DC318A4512137E /* Pods-parstagramTests.release.xcconfig */;
			buildSettings = {
				ALWAYS_EMBED_SWIFT_STANDARD_LIBRARIES = YES;
				BUNDLE_LOADER = "$(TEST_HOST)";
				CODE_SIGN_STYLE = Automatic;
				DEVELOPMENT_TEAM = KQR32VLUTN;
				INFOPLIST_FILE = parstagramTests/Info.plist;
				IPHONEOS_DEPLOYMENT_TARGET = 14.4;
				LD_RUNPATH_SEARCH_PATHS = (
					"$(inherited)",
					"@executable_path/Frameworks",
					"@loader_path/Frameworks",
				);
				PRODUCT_BUNDLE_IDENTIFIER = "jack.gregory.scallan-gmail.com.parstagramTests";
				PRODUCT_NAME = "$(TARGET_NAME)";
				SWIFT_VERSION = 5.0;
				TARGETED_DEVICE_FAMILY = "1,2";
				TEST_HOST = "$(BUILT_PRODUCTS_DIR)/parstagram.app/parstagram";
			};
			name = Release;
		};
		04D1910426051E1C000D7C52 /* Debug */ = {
			isa = XCBuildConfiguration;
			baseConfigurationReference = FF6FEEDDFA4989E42D9645BF /* Pods-parstagram-parstagramUITests.debug.xcconfig */;
			buildSettings = {
				ALWAYS_EMBED_SWIFT_STANDARD_LIBRARIES = YES;
				CODE_SIGN_STYLE = Automatic;
				DEVELOPMENT_TEAM = KQR32VLUTN;
				INFOPLIST_FILE = parstagramUITests/Info.plist;
				LD_RUNPATH_SEARCH_PATHS = (
					"$(inherited)",
					"@executable_path/Frameworks",
					"@loader_path/Frameworks",
				);
				PRODUCT_BUNDLE_IDENTIFIER = "jack.gregory.scallan-gmail.com.parstagramUITests";
				PRODUCT_NAME = "$(TARGET_NAME)";
				SWIFT_VERSION = 5.0;
				TARGETED_DEVICE_FAMILY = "1,2";
				TEST_TARGET_NAME = parstagram;
			};
			name = Debug;
		};
		04D1910526051E1C000D7C52 /* Release */ = {
			isa = XCBuildConfiguration;
			baseConfigurationReference = F81922D16266924F47268BCF /* Pods-parstagram-parstagramUITests.release.xcconfig */;
			buildSettings = {
				ALWAYS_EMBED_SWIFT_STANDARD_LIBRARIES = YES;
				CODE_SIGN_STYLE = Automatic;
				DEVELOPMENT_TEAM = KQR32VLUTN;
				INFOPLIST_FILE = parstagramUITests/Info.plist;
				LD_RUNPATH_SEARCH_PATHS = (
					"$(inherited)",
					"@executable_path/Frameworks",
					"@loader_path/Frameworks",
				);
				PRODUCT_BUNDLE_IDENTIFIER = "jack.gregory.scallan-gmail.com.parstagramUITests";
				PRODUCT_NAME = "$(TARGET_NAME)";
				SWIFT_VERSION = 5.0;
				TARGETED_DEVICE_FAMILY = "1,2";
				TEST_TARGET_NAME = parstagram;
			};
			name = Release;
		};
/* End XCBuildConfiguration section */

/* Begin XCConfigurationList section */
		04D190CE26051E1B000D7C52 /* Build configuration list for PBXProject "parstagram" */ = {
			isa = XCConfigurationList;
			buildConfigurations = (
				04D190FB26051E1C000D7C52 /* Debug */,
				04D190FC26051E1C000D7C52 /* Release */,
			);
			defaultConfigurationIsVisible = 0;
			defaultConfigurationName = Release;
		};
		04D190FD26051E1C000D7C52 /* Build configuration list for PBXNativeTarget "parstagram" */ = {
			isa = XCConfigurationList;
			buildConfigurations = (
				04D190FE26051E1C000D7C52 /* Debug */,
				04D190FF26051E1C000D7C52 /* Release */,
			);
			defaultConfigurationIsVisible = 0;
			defaultConfigurationName = Release;
		};
		04D1910026051E1C000D7C52 /* Build configuration list for PBXNativeTarget "parstagramTests" */ = {
			isa = XCConfigurationList;
			buildConfigurations = (
				04D1910126051E1C000D7C52 /* Debug */,
				04D1910226051E1C000D7C52 /* Release */,
			);
			defaultConfigurationIsVisible = 0;
			defaultConfigurationName = Release;
		};
		04D1910326051E1C000D7C52 /* Build configuration list for PBXNativeTarget "parstagramUITests" */ = {
			isa = XCConfigurationList;
			buildConfigurations = (
				04D1910426051E1C000D7C52 /* Debug */,
				04D1910526051E1C000D7C52 /* Release */,
			);
			defaultConfigurationIsVisible = 0;
			defaultConfigurationName = Release;
		};
/* End XCConfigurationList section */
	};
	rootObject = 04D190CB26051E1B000D7C52 /* Project object */;
}
